// !$*UTF8*$!
{
	archiveVersion = 1;
	classes = {
	};
	objectVersion = 51;
	objects = {

/* Begin PBXBuildFile section */
		844B1B5323DCD86C00B99B4A /* Connectivity.swift in Sources */ = {isa = PBXBuildFile; fileRef = 844B1B5223DCD86C00B99B4A /* Connectivity.swift */; };
		84565F6023D43AC800412AF8 /* AppDelegate.swift in Sources */ = {isa = PBXBuildFile; fileRef = 84565F5F23D43AC800412AF8 /* AppDelegate.swift */; };
		84565F6223D43AC800412AF8 /* SceneDelegate.swift in Sources */ = {isa = PBXBuildFile; fileRef = 84565F6123D43AC800412AF8 /* SceneDelegate.swift */; };
		84565F6723D43AC800412AF8 /* Main.storyboard in Resources */ = {isa = PBXBuildFile; fileRef = 84565F6523D43AC800412AF8 /* Main.storyboard */; };
		84565F6923D43ACB00412AF8 /* Assets.xcassets in Resources */ = {isa = PBXBuildFile; fileRef = 84565F6823D43ACB00412AF8 /* Assets.xcassets */; };
		84565F6C23D43ACB00412AF8 /* LaunchScreen.storyboard in Resources */ = {isa = PBXBuildFile; fileRef = 84565F6A23D43ACB00412AF8 /* LaunchScreen.storyboard */; };
		84565F7423D43BA600412AF8 /* .gitignore in Resources */ = {isa = PBXBuildFile; fileRef = 84565F7323D43BA600412AF8 /* .gitignore */; };
		84565F8123D456EE00412AF8 /* CountriesViewController.swift in Sources */ = {isa = PBXBuildFile; fileRef = 84565F8023D456EE00412AF8 /* CountriesViewController.swift */; };
		84565F8423D458C200412AF8 /* CountriesTableViewCell.swift in Sources */ = {isa = PBXBuildFile; fileRef = 84565F8223D458C200412AF8 /* CountriesTableViewCell.swift */; };
		84565F8523D458C200412AF8 /* CountriesTableViewCell.xib in Resources */ = {isa = PBXBuildFile; fileRef = 84565F8323D458C200412AF8 /* CountriesTableViewCell.xib */; };
		84565F8723D461E800412AF8 /* CountriesService.swift in Sources */ = {isa = PBXBuildFile; fileRef = 84565F8623D461E800412AF8 /* CountriesService.swift */; };
		84565F8923D4D2B500412AF8 /* CountryCellModel.swift in Sources */ = {isa = PBXBuildFile; fileRef = 84565F8823D4D2B500412AF8 /* CountryCellModel.swift */; };
		84565F8B23D4E89400412AF8 /* Country.swift in Sources */ = {isa = PBXBuildFile; fileRef = 84565F8A23D4E89400412AF8 /* Country.swift */; };
		A42E9D09CCB7858B46BD2F77 /* Pods_TestTaskCountries.framework in Frameworks */ = {isa = PBXBuildFile; fileRef = 56555334208D83DCD8A599DB /* Pods_TestTaskCountries.framework */; };
/* End PBXBuildFile section */

/* Begin PBXFileReference section */
		2FE8DBD6B2BCA8F3A54347D7 /* Pods-TestTaskCountries.debug.xcconfig */ = {isa = PBXFileReference; includeInIndex = 1; lastKnownFileType = text.xcconfig; name = "Pods-TestTaskCountries.debug.xcconfig"; path = "Target Support Files/Pods-TestTaskCountries/Pods-TestTaskCountries.debug.xcconfig"; sourceTree = "<group>"; };
		56555334208D83DCD8A599DB /* Pods_TestTaskCountries.framework */ = {isa = PBXFileReference; explicitFileType = wrapper.framework; includeInIndex = 0; path = Pods_TestTaskCountries.framework; sourceTree = BUILT_PRODUCTS_DIR; };
		844B1B5223DCD86C00B99B4A /* Connectivity.swift */ = {isa = PBXFileReference; lastKnownFileType = sourcecode.swift; path = Connectivity.swift; sourceTree = "<group>"; };
		84565F5C23D43AC800412AF8 /* TestTaskCountries.app */ = {isa = PBXFileReference; explicitFileType = wrapper.application; includeInIndex = 0; path = TestTaskCountries.app; sourceTree = BUILT_PRODUCTS_DIR; };
		84565F5F23D43AC800412AF8 /* AppDelegate.swift */ = {isa = PBXFileReference; lastKnownFileType = sourcecode.swift; path = AppDelegate.swift; sourceTree = "<group>"; };
		84565F6123D43AC800412AF8 /* SceneDelegate.swift */ = {isa = PBXFileReference; lastKnownFileType = sourcecode.swift; path = SceneDelegate.swift; sourceTree = "<group>"; };
		84565F6623D43AC800412AF8 /* Base */ = {isa = PBXFileReference; lastKnownFileType = file.storyboard; name = Base; path = Base.lproj/Main.storyboard; sourceTree = "<group>"; };
		84565F6823D43ACB00412AF8 /* Assets.xcassets */ = {isa = PBXFileReference; lastKnownFileType = folder.assetcatalog; path = Assets.xcassets; sourceTree = "<group>"; };
		84565F6B23D43ACB00412AF8 /* Base */ = {isa = PBXFileReference; lastKnownFileType = file.storyboard; name = Base; path = Base.lproj/LaunchScreen.storyboard; sourceTree = "<group>"; };
		84565F6D23D43ACB00412AF8 /* Info.plist */ = {isa = PBXFileReference; lastKnownFileType = text.plist.xml; path = Info.plist; sourceTree = "<group>"; };
		84565F7323D43BA600412AF8 /* .gitignore */ = {isa = PBXFileReference; lastKnownFileType = text; path = .gitignore; sourceTree = "<group>"; };
		84565F8023D456EE00412AF8 /* CountriesViewController.swift */ = {isa = PBXFileReference; lastKnownFileType = sourcecode.swift; path = CountriesViewController.swift; sourceTree = "<group>"; };
		84565F8223D458C200412AF8 /* CountriesTableViewCell.swift */ = {isa = PBXFileReference; lastKnownFileType = sourcecode.swift; path = CountriesTableViewCell.swift; sourceTree = "<group>"; };
		84565F8323D458C200412AF8 /* CountriesTableViewCell.xib */ = {isa = PBXFileReference; lastKnownFileType = file.xib; path = CountriesTableViewCell.xib; sourceTree = "<group>"; };
		84565F8623D461E800412AF8 /* CountriesService.swift */ = {isa = PBXFileReference; lastKnownFileType = sourcecode.swift; path = CountriesService.swift; sourceTree = "<group>"; };
		84565F8823D4D2B500412AF8 /* CountryCellModel.swift */ = {isa = PBXFileReference; lastKnownFileType = sourcecode.swift; path = CountryCellModel.swift; sourceTree = "<group>"; };
		84565F8A23D4E89400412AF8 /* Country.swift */ = {isa = PBXFileReference; lastKnownFileType = sourcecode.swift; path = Country.swift; sourceTree = "<group>"; };
		A830F5013B93689D92AB382C /* Pods-TestTaskCountries.release.xcconfig */ = {isa = PBXFileReference; includeInIndex = 1; lastKnownFileType = text.xcconfig; name = "Pods-TestTaskCountries.release.xcconfig"; path = "Target Support Files/Pods-TestTaskCountries/Pods-TestTaskCountries.release.xcconfig"; sourceTree = "<group>"; };
/* End PBXFileReference section */

/* Begin PBXFrameworksBuildPhase section */
		84565F5923D43AC800412AF8 /* Frameworks */ = {
			isa = PBXFrameworksBuildPhase;
			buildActionMask = 2147483647;
			files = (
				A42E9D09CCB7858B46BD2F77 /* Pods_TestTaskCountries.framework in Frameworks */,
			);
			runOnlyForDeploymentPostprocessing = 0;
		};
/* End PBXFrameworksBuildPhase section */

/* Begin PBXGroup section */
		17145EDECA0C0346AF33A2D2 /* Pods */ = {
			isa = PBXGroup;
			children = (
				2FE8DBD6B2BCA8F3A54347D7 /* Pods-TestTaskCountries.debug.xcconfig */,
				A830F5013B93689D92AB382C /* Pods-TestTaskCountries.release.xcconfig */,
			);
			path = Pods;
			sourceTree = "<group>";
		};
		84565F5323D43AC800412AF8 = {
			isa = PBXGroup;
			children = (
				84565F7323D43BA600412AF8 /* .gitignore */,
				84565F5E23D43AC800412AF8 /* TestTaskCountries */,
				84565F5D23D43AC800412AF8 /* Products */,
				17145EDECA0C0346AF33A2D2 /* Pods */,
				BC50E5AC28CFC2491328CCD8 /* Frameworks */,
			);
			sourceTree = "<group>";
		};
		84565F5D23D43AC800412AF8 /* Products */ = {
			isa = PBXGroup;
			children = (
				84565F5C23D43AC800412AF8 /* TestTaskCountries.app */,
			);
			name = Products;
			sourceTree = "<group>";
		};
		84565F5E23D43AC800412AF8 /* TestTaskCountries */ = {
			isa = PBXGroup;
			children = (
				84565F7B23D4567500412AF8 /* Countries */,
				84565F8C23D799DD00412AF8 /* DetailViewController */,
				84565F7523D44C9B00412AF8 /* Appllication */,
				84565F7623D44CD100412AF8 /* Resources */,
			);
			path = TestTaskCountries;
			sourceTree = "<group>";
		};
		84565F7523D44C9B00412AF8 /* Appllication */ = {
			isa = PBXGroup;
			children = (
				84565F6D23D43ACB00412AF8 /* Info.plist */,
				84565F7723D44D5400412AF8 /* Model */,
				84565F7823D44D5D00412AF8 /* View */,
				84565F7923D44D6500412AF8 /* Controller */,
				84565F7A23D44D6C00412AF8 /* NetworkService */,
			);
			path = Appllication;
			sourceTree = "<group>";
		};
		84565F7623D44CD100412AF8 /* Resources */ = {
			isa = PBXGroup;
			children = (
				84565F6823D43ACB00412AF8 /* Assets.xcassets */,
			);
			path = Resources;
			sourceTree = "<group>";
		};
		84565F7723D44D5400412AF8 /* Model */ = {
			isa = PBXGroup;
			children = (
				84565F8A23D4E89400412AF8 /* Country.swift */,
			);
			path = Model;
			sourceTree = "<group>";
		};
		84565F7823D44D5D00412AF8 /* View */ = {
			isa = PBXGroup;
			children = (
				84565F6523D43AC800412AF8 /* Main.storyboard */,
				84565F6A23D43ACB00412AF8 /* LaunchScreen.storyboard */,
			);
			path = View;
			sourceTree = "<group>";
		};
		84565F7923D44D6500412AF8 /* Controller */ = {
			isa = PBXGroup;
			children = (
				84565F5F23D43AC800412AF8 /* AppDelegate.swift */,
				84565F6123D43AC800412AF8 /* SceneDelegate.swift */,
			);
			path = Controller;
			sourceTree = "<group>";
		};
		84565F7A23D44D6C00412AF8 /* NetworkService */ = {
			isa = PBXGroup;
			children = (
				84565F8623D461E800412AF8 /* CountriesService.swift */,
				844B1B5223DCD86C00B99B4A /* Connectivity.swift */,
			);
			path = NetworkService;
			sourceTree = "<group>";
		};
		84565F7B23D4567500412AF8 /* Countries */ = {
			isa = PBXGroup;
			children = (
				84565F7F23D456B400412AF8 /* Model */,
				84565F7E23D456AC00412AF8 /* View */,
				84565F7D23D456A500412AF8 /* Controller */,
				84565F7C23D4568900412AF8 /* Network */,
			);
			path = Countries;
			sourceTree = "<group>";
		};
		84565F7C23D4568900412AF8 /* Network */ = {
			isa = PBXGroup;
			children = (
			);
			path = Network;
			sourceTree = "<group>";
		};
		84565F7D23D456A500412AF8 /* Controller */ = {
			isa = PBXGroup;
			children = (
				84565F8023D456EE00412AF8 /* CountriesViewController.swift */,
			);
			path = Controller;
			sourceTree = "<group>";
		};
		84565F7E23D456AC00412AF8 /* View */ = {
			isa = PBXGroup;
			children = (
				84565F8223D458C200412AF8 /* CountriesTableViewCell.swift */,
				84565F8323D458C200412AF8 /* CountriesTableViewCell.xib */,
			);
			path = View;
			sourceTree = "<group>";
		};
		84565F7F23D456B400412AF8 /* Model */ = {
			isa = PBXGroup;
			children = (
				84565F8823D4D2B500412AF8 /* CountryCellModel.swift */,
			);
			path = Model;
			sourceTree = "<group>";
		};
		84565F8C23D799DD00412AF8 /* DetailViewController */ = {
			isa = PBXGroup;
			children = (
				84565F8F23D79A7300412AF8 /* Model */,
				84565F8E23D79A6C00412AF8 /* View */,
				84565F8D23D79A6300412AF8 /* Controller */,
			);
			path = DetailViewController;
			sourceTree = "<group>";
		};
		84565F8D23D79A6300412AF8 /* Controller */ = {
			isa = PBXGroup;
			children = (
			);
			path = Controller;
			sourceTree = "<group>";
		};
		84565F8E23D79A6C00412AF8 /* View */ = {
			isa = PBXGroup;
			children = (
			);
			path = View;
			sourceTree = "<group>";
		};
		84565F8F23D79A7300412AF8 /* Model */ = {
			isa = PBXGroup;
			children = (
			);
			path = Model;
			sourceTree = "<group>";
		};
		BC50E5AC28CFC2491328CCD8 /* Frameworks */ = {
			isa = PBXGroup;
			children = (
				56555334208D83DCD8A599DB /* Pods_TestTaskCountries.framework */,
			);
			name = Frameworks;
			sourceTree = "<group>";
		};
/* End PBXGroup section */

/* Begin PBXNativeTarget section */
		84565F5B23D43AC800412AF8 /* TestTaskCountries */ = {
			isa = PBXNativeTarget;
			buildConfigurationList = 84565F7023D43ACB00412AF8 /* Build configuration list for PBXNativeTarget "TestTaskCountries" */;
			buildPhases = (
				650B9FDC6AA12554A8D3DB68 /* [CP] Check Pods Manifest.lock */,
				84565F5823D43AC800412AF8 /* Sources */,
				84565F5923D43AC800412AF8 /* Frameworks */,
				84565F5A23D43AC800412AF8 /* Resources */,
				02B16851989CC21BCE61324C /* [CP] Embed Pods Frameworks */,
			);
			buildRules = (
			);
			dependencies = (
			);
			name = TestTaskCountries;
			productName = TestTaskCountries;
			productReference = 84565F5C23D43AC800412AF8 /* TestTaskCountries.app */;
			productType = "com.apple.product-type.application";
		};
/* End PBXNativeTarget section */

/* Begin PBXProject section */
		84565F5423D43AC800412AF8 /* Project object */ = {
			isa = PBXProject;
			attributes = {
				LastSwiftUpdateCheck = 1120;
				LastUpgradeCheck = 1120;
				ORGANIZATIONNAME = admin;
				TargetAttributes = {
					84565F5B23D43AC800412AF8 = {
						CreatedOnToolsVersion = 11.2.1;
					};
				};
			};
			buildConfigurationList = 84565F5723D43AC800412AF8 /* Build configuration list for PBXProject "TestTaskCountries" */;
			compatibilityVersion = "Xcode 9.3";
			developmentRegion = en;
			hasScannedForEncodings = 0;
			knownRegions = (
				en,
				Base,
			);
			mainGroup = 84565F5323D43AC800412AF8;
			productRefGroup = 84565F5D23D43AC800412AF8 /* Products */;
			projectDirPath = "";
			projectRoot = "";
			targets = (
				84565F5B23D43AC800412AF8 /* TestTaskCountries */,
			);
		};
/* End PBXProject section */

/* Begin PBXResourcesBuildPhase section */
		84565F5A23D43AC800412AF8 /* Resources */ = {
			isa = PBXResourcesBuildPhase;
			buildActionMask = 2147483647;
			files = (
				84565F7423D43BA600412AF8 /* .gitignore in Resources */,
				84565F6C23D43ACB00412AF8 /* LaunchScreen.storyboard in Resources */,
				84565F6923D43ACB00412AF8 /* Assets.xcassets in Resources */,
				84565F6723D43AC800412AF8 /* Main.storyboard in Resources */,
				84565F8523D458C200412AF8 /* CountriesTableViewCell.xib in Resources */,
			);
			runOnlyForDeploymentPostprocessing = 0;
		};
/* End PBXResourcesBuildPhase section */

/* Begin PBXShellScriptBuildPhase section */
		02B16851989CC21BCE61324C /* [CP] Embed Pods Frameworks */ = {
			isa = PBXShellScriptBuildPhase;
			buildActionMask = 2147483647;
			files = (
			);
			inputFileListPaths = (
				"${PODS_ROOT}/Target Support Files/Pods-TestTaskCountries/Pods-TestTaskCountries-frameworks-${CONFIGURATION}-input-files.xcfilelist",
			);
			name = "[CP] Embed Pods Frameworks";
			outputFileListPaths = (
				"${PODS_ROOT}/Target Support Files/Pods-TestTaskCountries/Pods-TestTaskCountries-frameworks-${CONFIGURATION}-output-files.xcfilelist",
			);
			runOnlyForDeploymentPostprocessing = 0;
			shellPath = /bin/sh;
			shellScript = "\"${PODS_ROOT}/Target Support Files/Pods-TestTaskCountries/Pods-TestTaskCountries-frameworks.sh\"\n";
			showEnvVarsInLog = 0;
		};
		650B9FDC6AA12554A8D3DB68 /* [CP] Check Pods Manifest.lock */ = {
			isa = PBXShellScriptBuildPhase;
			buildActionMask = 2147483647;
			files = (
			);
			inputFileListPaths = (
			);
			inputPaths = (
				"${PODS_PODFILE_DIR_PATH}/Podfile.lock",
				"${PODS_ROOT}/Manifest.lock",
			);
			name = "[CP] Check Pods Manifest.lock";
			outputFileListPaths = (
			);
			outputPaths = (
				"$(DERIVED_FILE_DIR)/Pods-TestTaskCountries-checkManifestLockResult.txt",
			);
			runOnlyForDeploymentPostprocessing = 0;
			shellPath = /bin/sh;
			shellScript = "diff \"${PODS_PODFILE_DIR_PATH}/Podfile.lock\" \"${PODS_ROOT}/Manifest.lock\" > /dev/null\nif [ $? != 0 ] ; then\n    # print error to STDERR\n    echo \"error: The sandbox is not in sync with the Podfile.lock. Run 'pod install' or update your CocoaPods installation.\" >&2\n    exit 1\nfi\n# This output is used by Xcode 'outputs' to avoid re-running this script phase.\necho \"SUCCESS\" > \"${SCRIPT_OUTPUT_FILE_0}\"\n";
			showEnvVarsInLog = 0;
		};
/* End PBXShellScriptBuildPhase section */

/* Begin PBXSourcesBuildPhase section */
		84565F5823D43AC800412AF8 /* Sources */ = {
			isa = PBXSourcesBuildPhase;
			buildActionMask = 2147483647;
			files = (
				84565F8B23D4E89400412AF8 /* Country.swift in Sources */,
				844B1B5323DCD86C00B99B4A /* Connectivity.swift in Sources */,
				84565F8923D4D2B500412AF8 /* CountryCellModel.swift in Sources */,
				84565F6023D43AC800412AF8 /* AppDelegate.swift in Sources */,
				84565F6223D43AC800412AF8 /* SceneDelegate.swift in Sources */,
				84565F8423D458C200412AF8 /* CountriesTableViewCell.swift in Sources */,
				84565F8723D461E800412AF8 /* CountriesService.swift in Sources */,
				84565F8123D456EE00412AF8 /* CountriesViewController.swift in Sources */,
			);
			runOnlyForDeploymentPostprocessing = 0;
		};
/* End PBXSourcesBuildPhase section */

/* Begin PBXVariantGroup section */
		84565F6523D43AC800412AF8 /* Main.storyboard */ = {
			isa = PBXVariantGroup;
			children = (
				84565F6623D43AC800412AF8 /* Base */,
			);
			name = Main.storyboard;
			sourceTree = "<group>";
		};
		84565F6A23D43ACB00412AF8 /* LaunchScreen.storyboard */ = {
			isa = PBXVariantGroup;
			children = (
				84565F6B23D43ACB00412AF8 /* Base */,
			);
			name = LaunchScreen.storyboard;
			sourceTree = "<group>";
		};
/* End PBXVariantGroup section */

/* Begin XCBuildConfiguration section */
		84565F6E23D43ACB00412AF8 /* Debug */ = {
			isa = XCBuildConfiguration;
			buildSettings = {
				ALWAYS_SEARCH_USER_PATHS = NO;
				CLANG_ANALYZER_NONNULL = YES;
				CLANG_ANALYZER_NUMBER_OBJECT_CONVERSION = YES_AGGRESSIVE;
				CLANG_CXX_LANGUAGE_STANDARD = "gnu++14";
				CLANG_CXX_LIBRARY = "libc++";
				CLANG_ENABLE_MODULES = YES;
				CLANG_ENABLE_OBJC_ARC = YES;
				CLANG_ENABLE_OBJC_WEAK = YES;
				CLANG_WARN_BLOCK_CAPTURE_AUTORELEASING = YES;
				CLANG_WARN_BOOL_CONVERSION = YES;
				CLANG_WARN_COMMA = YES;
				CLANG_WARN_CONSTANT_CONVERSION = YES;
				CLANG_WARN_DEPRECATED_OBJC_IMPLEMENTATIONS = YES;
				CLANG_WARN_DIRECT_OBJC_ISA_USAGE = YES_ERROR;
				CLANG_WARN_DOCUMENTATION_COMMENTS = YES;
				CLANG_WARN_EMPTY_BODY = YES;
				CLANG_WARN_ENUM_CONVERSION = YES;
				CLANG_WARN_INFINITE_RECURSION = YES;
				CLANG_WARN_INT_CONVERSION = YES;
				CLANG_WARN_NON_LITERAL_NULL_CONVERSION = YES;
				CLANG_WARN_OBJC_IMPLICIT_RETAIN_SELF = YES;
				CLANG_WARN_OBJC_LITERAL_CONVERSION = YES;
				CLANG_WARN_OBJC_ROOT_CLASS = YES_ERROR;
				CLANG_WARN_RANGE_LOOP_ANALYSIS = YES;
				CLANG_WARN_STRICT_PROTOTYPES = YES;
				CLANG_WARN_SUSPICIOUS_MOVE = YES;
				CLANG_WARN_UNGUARDED_AVAILABILITY = YES_AGGRESSIVE;
				CLANG_WARN_UNREACHABLE_CODE = YES;
				CLANG_WARN__DUPLICATE_METHOD_MATCH = YES;
				COPY_PHASE_STRIP = NO;
				DEBUG_INFORMATION_FORMAT = dwarf;
				ENABLE_STRICT_OBJC_MSGSEND = YES;
				ENABLE_TESTABILITY = YES;
				GCC_C_LANGUAGE_STANDARD = gnu11;
				GCC_DYNAMIC_NO_PIC = NO;
				GCC_NO_COMMON_BLOCKS = YES;
				GCC_OPTIMIZATION_LEVEL = 0;
				GCC_PREPROCESSOR_DEFINITIONS = (
					"DEBUG=1",
					"$(inherited)",
				);
				GCC_WARN_64_TO_32_BIT_CONVERSION = YES;
				GCC_WARN_ABOUT_RETURN_TYPE = YES_ERROR;
				GCC_WARN_UNDECLARED_SELECTOR = YES;
				GCC_WARN_UNINITIALIZED_AUTOS = YES_AGGRESSIVE;
				GCC_WARN_UNUSED_FUNCTION = YES;
				GCC_WARN_UNUSED_VARIABLE = YES;
				IPHONEOS_DEPLOYMENT_TARGET = 13.2;
				MTL_ENABLE_DEBUG_INFO = INCLUDE_SOURCE;
				MTL_FAST_MATH = YES;
				ONLY_ACTIVE_ARCH = YES;
				SDKROOT = iphoneos;
				SWIFT_ACTIVE_COMPILATION_CONDITIONS = DEBUG;
				SWIFT_OPTIMIZATION_LEVEL = "-Onone";
			};
			name = Debug;
		};
		84565F6F23D43ACB00412AF8 /* Release */ = {
			isa = XCBuildConfiguration;
			buildSettings = {
				ALWAYS_SEARCH_USER_PATHS = NO;
				CLANG_ANALYZER_NONNULL = YES;
				CLANG_ANALYZER_NUMBER_OBJECT_CONVERSION = YES_AGGRESSIVE;
				CLANG_CXX_LANGUAGE_STANDARD = "gnu++14";
				CLANG_CXX_LIBRARY = "libc++";
				CLANG_ENABLE_MODULES = YES;
				CLANG_ENABLE_OBJC_ARC = YES;
				CLANG_ENABLE_OBJC_WEAK = YES;
				CLANG_WARN_BLOCK_CAPTURE_AUTORELEASING = YES;
				CLANG_WARN_BOOL_CONVERSION = YES;
				CLANG_WARN_COMMA = YES;
				CLANG_WARN_CONSTANT_CONVERSION = YES;
				CLANG_WARN_DEPRECATED_OBJC_IMPLEMENTATIONS = YES;
				CLANG_WARN_DIRECT_OBJC_ISA_USAGE = YES_ERROR;
				CLANG_WARN_DOCUMENTATION_COMMENTS = YES;
				CLANG_WARN_EMPTY_BODY = YES;
				CLANG_WARN_ENUM_CONVERSION = YES;
				CLANG_WARN_INFINITE_RECURSION = YES;
				CLANG_WARN_INT_CONVERSION = YES;
				CLANG_WARN_NON_LITERAL_NULL_CONVERSION = YES;
				CLANG_WARN_OBJC_IMPLICIT_RETAIN_SELF = YES;
				CLANG_WARN_OBJC_LITERAL_CONVERSION = YES;
				CLANG_WARN_OBJC_ROOT_CLASS = YES_ERROR;
				CLANG_WARN_RANGE_LOOP_ANALYSIS = YES;
				CLANG_WARN_STRICT_PROTOTYPES = YES;
				CLANG_WARN_SUSPICIOUS_MOVE = YES;
				CLANG_WARN_UNGUARDED_AVAILABILITY = YES_AGGRESSIVE;
				CLANG_WARN_UNREACHABLE_CODE = YES;
				CLANG_WARN__DUPLICATE_METHOD_MATCH = YES;
				COPY_PHASE_STRIP = NO;
				DEBUG_INFORMATION_FORMAT = "dwarf-with-dsym";
				ENABLE_NS_ASSERTIONS = NO;
				ENABLE_STRICT_OBJC_MSGSEND = YES;
				GCC_C_LANGUAGE_STANDARD = gnu11;
				GCC_NO_COMMON_BLOCKS = YES;
				GCC_WARN_64_TO_32_BIT_CONVERSION = YES;
				GCC_WARN_ABOUT_RETURN_TYPE = YES_ERROR;
				GCC_WARN_UNDECLARED_SELECTOR = YES;
				GCC_WARN_UNINITIALIZED_AUTOS = YES_AGGRESSIVE;
				GCC_WARN_UNUSED_FUNCTION = YES;
				GCC_WARN_UNUSED_VARIABLE = YES;
				IPHONEOS_DEPLOYMENT_TARGET = 13.2;
				MTL_ENABLE_DEBUG_INFO = NO;
				MTL_FAST_MATH = YES;
				SDKROOT = iphoneos;
				SWIFT_COMPILATION_MODE = wholemodule;
				SWIFT_OPTIMIZATION_LEVEL = "-O";
				VALIDATE_PRODUCT = YES;
			};
			name = Release;
		};
		84565F7123D43ACB00412AF8 /* Debug */ = {
			isa = XCBuildConfiguration;
			baseConfigurationReference = 2FE8DBD6B2BCA8F3A54347D7 /* Pods-TestTaskCountries.debug.xcconfig */;
			buildSettings = {
				ASSETCATALOG_COMPILER_APPICON_NAME = AppIcon;
				CODE_SIGN_STYLE = Automatic;
				DEVELOPMENT_TEAM = 2PQ8675BM6;
				INFOPLIST_FILE = "$(SRCROOT)/TestTaskCountries/Appllication/Info.plist";
				LD_RUNPATH_SEARCH_PATHS = (
					"$(inherited)",
					"@executable_path/Frameworks",
				);
				PRODUCT_BUNDLE_IDENTIFIER = denis.TestTaskCountries;
				PRODUCT_NAME = "$(TARGET_NAME)";
				SWIFT_VERSION = 5.0;
				TARGETED_DEVICE_FAMILY = "1,2";
			};
			name = Debug;
		};
		84565F7223D43ACB00412AF8 /* Release */ = {
			isa = XCBuildConfiguration;
			baseConfigurationReference = A830F5013B93689D92AB382C /* Pods-TestTaskCountries.release.xcconfig */;
			buildSettings = {
				ASSETCATALOG_COMPILER_APPICON_NAME = AppIcon;
				CODE_SIGN_STYLE = Automatic;
				DEVELOPMENT_TEAM = 2PQ8675BM6;
				INFOPLIST_FILE = "$(SRCROOT)/TestTaskCountries/Appllication/Info.plist";
				LD_RUNPATH_SEARCH_PATHS = (
					"$(inherited)",
					"@executable_path/Frameworks",
				);
				PRODUCT_BUNDLE_IDENTIFIER = denis.TestTaskCountries;
				PRODUCT_NAME = "$(TARGET_NAME)";
				SWIFT_VERSION = 5.0;
				TARGETED_DEVICE_FAMILY = "1,2";
			};
			name = Release;
		};
/* End XCBuildConfiguration section */

/* Begin XCConfigurationList section */
		84565F5723D43AC800412AF8 /* Build configuration list for PBXProject "TestTaskCountries" */ = {
			isa = XCConfigurationList;
			buildConfigurations = (
				84565F6E23D43ACB00412AF8 /* Debug */,
				84565F6F23D43ACB00412AF8 /* Release */,
			);
			defaultConfigurationIsVisible = 0;
			defaultConfigurationName = Release;
		};
		84565F7023D43ACB00412AF8 /* Build configuration list for PBXNativeTarget "TestTaskCountries" */ = {
			isa = XCConfigurationList;
			buildConfigurations = (
				84565F7123D43ACB00412AF8 /* Debug */,
				84565F7223D43ACB00412AF8 /* Release */,
			);
			defaultConfigurationIsVisible = 0;
			defaultConfigurationName = Release;
		};
/* End XCConfigurationList section */
	};
	rootObject = 84565F5423D43AC800412AF8 /* Project object */;
}
